
Microsoft Visual Studio Solution File, Format Version 12.00
# Visual Studio Version 16
VisualStudioVersion = 16.0.30114.105
MinimumVisualStudioVersion = 10.0.40219.1
Project("{6EC3EE1D-3C4E-46DD-8F32-0CC8E7565705}") = "AoC2021.FSharp.Helper", "AoC2021.FSharp.Helper\AoC2021.FSharp.Helper.fsproj", "{327C1A3A-CAC6-48FD-879D-5859EA24A924}"
EndProject
Project("{6EC3EE1D-3C4E-46DD-8F32-0CC8E7565705}") = "AoC2021.FSharp01", "AoC2021.FSharp01\AoC2021.FSharp01.fsproj", "{7F4DAFB9-62C2-47D2-BDB3-B1FEA4BCCADB}"
EndProject
Project("{6EC3EE1D-3C4E-46DD-8F32-0CC8E7565705}") = "AoC2021.FSharp01.Tests", "AoC2021.FSharp01.Tests\AoC2021.FSharp01.Tests.fsproj", "{A84ADEC3-9E9C-4DA9-BD6E-7AFEB9715A3B}"
EndProject
Project("{6EC3EE1D-3C4E-46DD-8F32-0CC8E7565705}") = "AoC2021.FSharp02", "AoC2021.FSharp02\AoC2021.FSharp02.fsproj", "{8577EBCD-9D96-475C-B066-91C531E3BFE2}"
EndProject
Project("{6EC3EE1D-3C4E-46DD-8F32-0CC8E7565705}") = "AoC2021.FSharp02.Tests", "AoC2021.FSharp02.Tests\AoC2021.FSharp02.Tests.fsproj", "{12C0D535-8658-4A35-AE7B-1E8C6C0D6D97}"
EndProject
Project("{6EC3EE1D-3C4E-46DD-8F32-0CC8E7565705}") = "AoC2021.FSharp03", "AoC2021.FSharp03\AoC2021.FSharp03.fsproj", "{E1468105-DD50-48DE-9332-7F99084047E0}"
EndProject
Project("{6EC3EE1D-3C4E-46DD-8F32-0CC8E7565705}") = "AoC2021.FSharp03.Tests", "AoC2021.FSharp03.Tests\AoC2021.FSharp03.Tests.fsproj", "{80833B96-F5BA-41B1-86B7-BADF4085AEAB}"
EndProject
Global
	GlobalSection(SolutionConfigurationPlatforms) = preSolution
		Debug|Any CPU = Debug|Any CPU
		Debug|x64 = Debug|x64
		Debug|x86 = Debug|x86
		Release|Any CPU = Release|Any CPU
		Release|x64 = Release|x64
		Release|x86 = Release|x86
	EndGlobalSection
	GlobalSection(ProjectConfigurationPlatforms) = postSolution
		{327C1A3A-CAC6-48FD-879D-5859EA24A924}.Debug|Any CPU.ActiveCfg = Debug|Any CPU
		{327C1A3A-CAC6-48FD-879D-5859EA24A924}.Debug|Any CPU.Build.0 = Debug|Any CPU
		{327C1A3A-CAC6-48FD-879D-5859EA24A924}.Debug|x64.ActiveCfg = Debug|Any CPU
		{327C1A3A-CAC6-48FD-879D-5859EA24A924}.Debug|x64.Build.0 = Debug|Any CPU
		{327C1A3A-CAC6-48FD-879D-5859EA24A924}.Debug|x86.ActiveCfg = Debug|Any CPU
		{327C1A3A-CAC6-48FD-879D-5859EA24A924}.Debug|x86.Build.0 = Debug|Any CPU
		{327C1A3A-CAC6-48FD-879D-5859EA24A924}.Release|Any CPU.ActiveCfg = Release|Any CPU
		{327C1A3A-CAC6-48FD-879D-5859EA24A924}.Release|Any CPU.Build.0 = Release|Any CPU
		{327C1A3A-CAC6-48FD-879D-5859EA24A924}.Release|x64.ActiveCfg = Release|Any CPU
		{327C1A3A-CAC6-48FD-879D-5859EA24A924}.Release|x64.Build.0 = Release|Any CPU
		{327C1A3A-CAC6-48FD-879D-5859EA24A924}.Release|x86.ActiveCfg = Release|Any CPU
		{327C1A3A-CAC6-48FD-879D-5859EA24A924}.Release|x86.Build.0 = Release|Any CPU
		{7F4DAFB9-62C2-47D2-BDB3-B1FEA4BCCADB}.Debug|Any CPU.ActiveCfg = Debug|Any CPU
		{7F4DAFB9-62C2-47D2-BDB3-B1FEA4BCCADB}.Debug|Any CPU.Build.0 = Debug|Any CPU
		{7F4DAFB9-62C2-47D2-BDB3-B1FEA4BCCADB}.Debug|x64.ActiveCfg = Debug|Any CPU
		{7F4DAFB9-62C2-47D2-BDB3-B1FEA4BCCADB}.Debug|x64.Build.0 = Debug|Any CPU
		{7F4DAFB9-62C2-47D2-BDB3-B1FEA4BCCADB}.Debug|x86.ActiveCfg = Debug|Any CPU
		{7F4DAFB9-62C2-47D2-BDB3-B1FEA4BCCADB}.Debug|x86.Build.0 = Debug|Any CPU
		{7F4DAFB9-62C2-47D2-BDB3-B1FEA4BCCADB}.Release|Any CPU.ActiveCfg = Release|Any CPU
		{7F4DAFB9-62C2-47D2-BDB3-B1FEA4BCCADB}.Release|Any CPU.Build.0 = Release|Any CPU
		{7F4DAFB9-62C2-47D2-BDB3-B1FEA4BCCADB}.Release|x64.ActiveCfg = Release|Any CPU
		{7F4DAFB9-62C2-47D2-BDB3-B1FEA4BCCADB}.Release|x64.Build.0 = Release|Any CPU
		{7F4DAFB9-62C2-47D2-BDB3-B1FEA4BCCADB}.Release|x86.ActiveCfg = Release|Any CPU
		{7F4DAFB9-62C2-47D2-BDB3-B1FEA4BCCADB}.Release|x86.Build.0 = Release|Any CPU
		{A84ADEC3-9E9C-4DA9-BD6E-7AFEB9715A3B}.Debug|Any CPU.ActiveCfg = Debug|Any CPU
		{A84ADEC3-9E9C-4DA9-BD6E-7AFEB9715A3B}.Debug|Any CPU.Build.0 = Debug|Any CPU
		{A84ADEC3-9E9C-4DA9-BD6E-7AFEB9715A3B}.Debug|x64.ActiveCfg = Debug|Any CPU
		{A84ADEC3-9E9C-4DA9-BD6E-7AFEB9715A3B}.Debug|x64.Build.0 = Debug|Any CPU
		{A84ADEC3-9E9C-4DA9-BD6E-7AFEB9715A3B}.Debug|x86.ActiveCfg = Debug|Any CPU
		{A84ADEC3-9E9C-4DA9-BD6E-7AFEB9715A3B}.Debug|x86.Build.0 = Debug|Any CPU
		{A84ADEC3-9E9C-4DA9-BD6E-7AFEB9715A3B}.Release|Any CPU.ActiveCfg = Release|Any CPU
		{A84ADEC3-9E9C-4DA9-BD6E-7AFEB9715A3B}.Release|Any CPU.Build.0 = Release|Any CPU
		{A84ADEC3-9E9C-4DA9-BD6E-7AFEB9715A3B}.Release|x64.ActiveCfg = Release|Any CPU
		{A84ADEC3-9E9C-4DA9-BD6E-7AFEB9715A3B}.Release|x64.Build.0 = Release|Any CPU
		{A84ADEC3-9E9C-4DA9-BD6E-7AFEB9715A3B}.Release|x86.ActiveCfg = Release|Any CPU
		{A84ADEC3-9E9C-4DA9-BD6E-7AFEB9715A3B}.Release|x86.Build.0 = Release|Any CPU
		{8577EBCD-9D96-475C-B066-91C531E3BFE2}.Debug|Any CPU.ActiveCfg = Debug|Any CPU
		{8577EBCD-9D96-475C-B066-91C531E3BFE2}.Debug|Any CPU.Build.0 = Debug|Any CPU
		{8577EBCD-9D96-475C-B066-91C531E3BFE2}.Debug|x64.ActiveCfg = Debug|Any CPU
		{8577EBCD-9D96-475C-B066-91C531E3BFE2}.Debug|x64.Build.0 = Debug|Any CPU
		{8577EBCD-9D96-475C-B066-91C531E3BFE2}.Debug|x86.ActiveCfg = Debug|Any CPU
		{8577EBCD-9D96-475C-B066-91C531E3BFE2}.Debug|x86.Build.0 = Debug|Any CPU
		{8577EBCD-9D96-475C-B066-91C531E3BFE2}.Release|Any CPU.ActiveCfg = Release|Any CPU
		{8577EBCD-9D96-475C-B066-91C531E3BFE2}.Release|Any CPU.Build.0 = Release|Any CPU
		{8577EBCD-9D96-475C-B066-91C531E3BFE2}.Release|x64.ActiveCfg = Release|Any CPU
		{8577EBCD-9D96-475C-B066-91C531E3BFE2}.Release|x64.Build.0 = Release|Any CPU
		{8577EBCD-9D96-475C-B066-91C531E3BFE2}.Release|x86.ActiveCfg = Release|Any CPU
		{8577EBCD-9D96-475C-B066-91C531E3BFE2}.Release|x86.Build.0 = Release|Any CPU
		{12C0D535-8658-4A35-AE7B-1E8C6C0D6D97}.Debug|Any CPU.ActiveCfg = Debug|Any CPU
		{12C0D535-8658-4A35-AE7B-1E8C6C0D6D97}.Debug|Any CPU.Build.0 = Debug|Any CPU
		{12C0D535-8658-4A35-AE7B-1E8C6C0D6D97}.Debug|x64.ActiveCfg = Debug|Any CPU
		{12C0D535-8658-4A35-AE7B-1E8C6C0D6D97}.Debug|x64.Build.0 = Debug|Any CPU
		{12C0D535-8658-4A35-AE7B-1E8C6C0D6D97}.Debug|x86.ActiveCfg = Debug|Any CPU
		{12C0D535-8658-4A35-AE7B-1E8C6C0D6D97}.Debug|x86.Build.0 = Debug|Any CPU
		{12C0D535-8658-4A35-AE7B-1E8C6C0D6D97}.Release|Any CPU.ActiveCfg = Release|Any CPU
		{12C0D535-8658-4A35-AE7B-1E8C6C0D6D97}.Release|Any CPU.Build.0 = Release|Any CPU
		{12C0D535-8658-4A35-AE7B-1E8C6C0D6D97}.Release|x64.ActiveCfg = Release|Any CPU
		{12C0D535-8658-4A35-AE7B-1E8C6C0D6D97}.Release|x64.Build.0 = Release|Any CPU
		{12C0D535-8658-4A35-AE7B-1E8C6C0D6D97}.Release|x86.ActiveCfg = Release|Any CPU
		{12C0D535-8658-4A35-AE7B-1E8C6C0D6D97}.Release|x86.Build.0 = Release|Any CPU
		{E1468105-DD50-48DE-9332-7F99084047E0}.Debug|Any CPU.ActiveCfg = Debug|Any CPU
		{E1468105-DD50-48DE-9332-7F99084047E0}.Debug|Any CPU.Build.0 = Debug|Any CPU
		{E1468105-DD50-48DE-9332-7F99084047E0}.Debug|x64.ActiveCfg = Debug|Any CPU
		{E1468105-DD50-48DE-9332-7F99084047E0}.Debug|x64.Build.0 = Debug|Any CPU
		{E1468105-DD50-48DE-9332-7F99084047E0}.Debug|x86.ActiveCfg = Debug|Any CPU
		{E1468105-DD50-48DE-9332-7F99084047E0}.Debug|x86.Build.0 = Debug|Any CPU
		{E1468105-DD50-48DE-9332-7F99084047E0}.Release|Any CPU.ActiveCfg = Release|Any CPU
		{E1468105-DD50-48DE-9332-7F99084047E0}.Release|Any CPU.Build.0 = Release|Any CPU
		{E1468105-DD50-48DE-9332-7F99084047E0}.Release|x64.ActiveCfg = Release|Any CPU
		{E1468105-DD50-48DE-9332-7F99084047E0}.Release|x64.Build.0 = Release|Any CPU
		{E1468105-DD50-48DE-9332-7F99084047E0}.Release|x86.ActiveCfg = Release|Any CPU
		{E1468105-DD50-48DE-9332-7F99084047E0}.Release|x86.Build.0 = Release|Any CPU
		{80833B96-F5BA-41B1-86B7-BADF4085AEAB}.Debug|Any CPU.ActiveCfg = Debug|Any CPU
		{80833B96-F5BA-41B1-86B7-BADF4085AEAB}.Debug|Any CPU.Build.0 = Debug|Any CPU
		{80833B96-F5BA-41B1-86B7-BADF4085AEAB}.Debug|x64.ActiveCfg = Debug|Any CPU
		{80833B96-F5BA-41B1-86B7-BADF4085AEAB}.Debug|x64.Build.0 = Debug|Any CPU
		{80833B96-F5BA-41B1-86B7-BADF4085AEAB}.Debug|x86.ActiveCfg = Debug|Any CPU
		{80833B96-F5BA-41B1-86B7-BADF4085AEAB}.Debug|x86.Build.0 = Debug|Any CPU
		{80833B96-F5BA-41B1-86B7-BADF4085AEAB}.Release|Any CPU.ActiveCfg = Release|Any CPU
		{80833B96-F5BA-41B1-86B7-BADF4085AEAB}.Release|Any CPU.Build.0 = Release|Any CPU
		{80833B96-F5BA-41B1-86B7-BADF4085AEAB}.Release|x64.ActiveCfg = Release|Any CPU
		{80833B96-F5BA-41B1-86B7-BADF4085AEAB}.Release|x64.Build.0 = Release|Any CPU
		{80833B96-F5BA-41B1-86B7-BADF4085AEAB}.Release|x86.ActiveCfg = Release|Any CPU
		{80833B96-F5BA-41B1-86B7-BADF4085AEAB}.Release|x86.Build.0 = Release|Any CPU
	EndGlobalSection
	GlobalSection(SolutionProperties) = preSolution
		HideSolutionNode = FALSE
	EndGlobalSection
	GlobalSection(ExtensibilityGlobals) = postSolution
		SolutionGuid = {983428C9-D1DB-4125-AE4E-A8E26D645778}
	EndGlobalSection
EndGlobal
